
Microsoft Visual Studio Solution File, Format Version 12.00
# Visual Studio Version 17
VisualStudioVersion = 17.9.34728.123
MinimumVisualStudioVersion = 10.0.40219.1
Project("{FAE04EC0-301F-11D3-BF4B-00C04F79EFBC}") = "BclSourceFetcher", "BclSourceFetcher\BclSourceFetcher.csproj", "{F7AA22FA-7CD3-40BD-9B23-B5EA82EF7F73}"
EndProject
Project("{FAE04EC0-301F-11D3-BF4B-00C04F79EFBC}") = "Generator", "Generator\Generator.csproj", "{45E4371B-9B45-4397-A2AE-FB4C0B03B2AE}"
EndProject
Global
	GlobalSection(SolutionConfigurationPlatforms) = preSolution
		Debug|Any CPU = Debug|Any CPU
		Release|Any CPU = Release|Any CPU
	EndGlobalSection
	GlobalSection(ProjectConfigurationPlatforms) = postSolution
		{F7AA22FA-7CD3-40BD-9B23-B5EA82EF7F73}.Debug|Any CPU.ActiveCfg = Debug|Any CPU
		{F7AA22FA-7CD3-40BD-9B23-B5EA82EF7F73}.Debug|Any CPU.Build.0 = Debug|Any CPU
		{F7AA22FA-7CD3-40BD-9B23-B5EA82EF7F73}.Release|Any CPU.ActiveCfg = Release|Any CPU
		{F7AA22FA-7CD3-40BD-9B23-B5EA82EF7F73}.Release|Any CPU.Build.0 = Release|Any CPU
		{45E4371B-9B45-4397-A2AE-FB4C0B03B2AE}.Debug|Any CPU.ActiveCfg = Debug|Any CPU
		{45E4371B-9B45-4397-A2AE-FB4C0B03B2AE}.Debug|Any CPU.Build.0 = Debug|Any CPU
		{45E4371B-9B45-4397-A2AE-FB4C0B03B2AE}.Release|Any CPU.ActiveCfg = Release|Any CPU
		{45E4371B-9B45-4397-A2AE-FB4C0B03B2AE}.Release|Any CPU.Build.0 = Release|Any CPU
	EndGlobalSection
	GlobalSection(SolutionProperties) = preSolution
		HideSolutionNode = FALSE
	EndGlobalSection
	GlobalSection(ExtensibilityGlobals) = postSolution
		SolutionGuid = {CEF80298-2803-4A47-8390-AAAA6943523D}
	EndGlobalSection
EndGlobal
